
Microsoft Visual Studio Solution File, Format Version 12.00
# Visual Studio Version 17
VisualStudioVersion = 17.6.33712.159
MinimumVisualStudioVersion = 10.0.40219.1
Project("{9A19103F-16F7-4668-BE54-9A1E7A4F7556}") = "Electron2D", "Electron2D.csproj", "{7B15F679-54D0-49C5-891A-DA69E93D8637}"
EndProject
Global
	GlobalSection(SolutionConfigurationPlatforms) = preSolution
		Debug|Any CPU = Debug|Any CPU
		Release|Any CPU = Release|Any CPU
	EndGlobalSection
	GlobalSection(ProjectConfigurationPlatforms) = postSolution
		{7B15F679-54D0-49C5-891A-DA69E93D8637}.Debug|Any CPU.ActiveCfg = Debug|Any CPU
		{7B15F679-54D0-49C5-891A-DA69E93D8637}.Debug|Any CPU.Build.0 = Debug|Any CPU
		{7B15F679-54D0-49C5-891A-DA69E93D8637}.Release|Any CPU.ActiveCfg = Release|Any CPU
		{7B15F679-54D0-49C5-891A-DA69E93D8637}.Release|Any CPU.Build.0 = Release|Any CPU
	EndGlobalSection
	GlobalSection(SolutionProperties) = preSolution
		HideSolutionNode = FALSE
	EndGlobalSection
	GlobalSection(ExtensibilityGlobals) = postSolution
		SolutionGuid = {70D1A43B-9DE3-401B-B00A-98A7D30098B2}
	EndGlobalSection
EndGlobal
